
Microsoft Visual Studio Solution File, Format Version 12.00
# Visual Studio Version 17
VisualStudioVersion = 17.0.32126.317
MinimumVisualStudioVersion = 10.0.40219.1
Project("{9A19103F-16F7-4668-BE54-9A1E7A4F7556}") = "POSTest", "POSTest\POSTest.csproj", "{CD58407B-D15A-480F-B23C-CC00C2EC0FF3}"
EndProject
Global
	GlobalSection(SolutionConfigurationPlatforms) = preSolution
		Debug|Any CPU = Debug|Any CPU
		Release|Any CPU = Release|Any CPU
	EndGlobalSection
	GlobalSection(ProjectConfigurationPlatforms) = postSolution
		{CD58407B-D15A-480F-B23C-CC00C2EC0FF3}.Debug|Any CPU.ActiveCfg = Debug|Any CPU
		{CD58407B-D15A-480F-B23C-CC00C2EC0FF3}.Debug|Any CPU.Build.0 = Debug|Any CPU
		{CD58407B-D15A-480F-B23C-CC00C2EC0FF3}.Release|Any CPU.ActiveCfg = Release|Any CPU
		{CD58407B-D15A-480F-B23C-CC00C2EC0FF3}.Release|Any CPU.Build.0 = Release|Any CPU
	EndGlobalSection
	GlobalSection(SolutionProperties) = preSolution
		HideSolutionNode = FALSE
	EndGlobalSection
	GlobalSection(ExtensibilityGlobals) = postSolution
		SolutionGuid = {2B7CDF87-42A6-43E9-91CA-E98CFA97BE66}
	EndGlobalSection
EndGlobal
